
Microsoft Visual Studio Solution File, Format Version 12.00
# Visual Studio Version 17
VisualStudioVersion = 17.7.34031.279
MinimumVisualStudioVersion = 10.0.40219.1
Project("{8BC9CEB8-8B4A-11D0-8D11-00A0C91BC942}") = "ZPCU28PenazAdam", "ZPCU28PenazAdam.vcxproj", "{28B94D91-DC8E-4D49-A23F-E55D4E904DFC}"
EndProject
Global
	GlobalSection(SolutionConfigurationPlatforms) = preSolution
		Debug|x64 = Debug|x64
		Debug|x86 = Debug|x86
		Release|x64 = Release|x64
		Release|x86 = Release|x86
	EndGlobalSection
	GlobalSection(ProjectConfigurationPlatforms) = postSolution
		{28B94D91-DC8E-4D49-A23F-E55D4E904DFC}.Debug|x64.ActiveCfg = Debug|x64
		{28B94D91-DC8E-4D49-A23F-E55D4E904DFC}.Debug|x64.Build.0 = Debug|x64
		{28B94D91-DC8E-4D49-A23F-E55D4E904DFC}.Debug|x86.ActiveCfg = Debug|Win32
		{28B94D91-DC8E-4D49-A23F-E55D4E904DFC}.Debug|x86.Build.0 = Debug|Win32
		{28B94D91-DC8E-4D49-A23F-E55D4E904DFC}.Release|x64.ActiveCfg = Release|x64
		{28B94D91-DC8E-4D49-A23F-E55D4E904DFC}.Release|x64.Build.0 = Release|x64
		{28B94D91-DC8E-4D49-A23F-E55D4E904DFC}.Release|x86.ActiveCfg = Release|Win32
		{28B94D91-DC8E-4D49-A23F-E55D4E904DFC}.Release|x86.Build.0 = Release|Win32
	EndGlobalSection
	GlobalSection(SolutionProperties) = preSolution
		HideSolutionNode = FALSE
	EndGlobalSection
	GlobalSection(ExtensibilityGlobals) = postSolution
		SolutionGuid = {9BCF59BE-5D1F-4979-93B7-BD5872D442FD}
	EndGlobalSection
EndGlobal
